
Microsoft Visual Studio Solution File, Format Version 12.00
# Visual Studio Version 17
VisualStudioVersion = 17.4.33213.308
MinimumVisualStudioVersion = 10.0.40219.1
Project("{FAE04EC0-301F-11D3-BF4B-00C04F79EFBC}") = "k,p", "k,p\k,p.csproj", "{7BBE1CCA-DF09-4B1E-9667-50FAA934884A}"
EndProject
Global
	GlobalSection(SolutionConfigurationPlatforms) = preSolution
		Debug|Any CPU = Debug|Any CPU
		Release|Any CPU = Release|Any CPU
	EndGlobalSection
	GlobalSection(ProjectConfigurationPlatforms) = postSolution
		{7BBE1CCA-DF09-4B1E-9667-50FAA934884A}.Debug|Any CPU.ActiveCfg = Debug|Any CPU
		{7BBE1CCA-DF09-4B1E-9667-50FAA934884A}.Debug|Any CPU.Build.0 = Debug|Any CPU
		{7BBE1CCA-DF09-4B1E-9667-50FAA934884A}.Release|Any CPU.ActiveCfg = Release|Any CPU
		{7BBE1CCA-DF09-4B1E-9667-50FAA934884A}.Release|Any CPU.Build.0 = Release|Any CPU
	EndGlobalSection
	GlobalSection(SolutionProperties) = preSolution
		HideSolutionNode = FALSE
	EndGlobalSection
	GlobalSection(ExtensibilityGlobals) = postSolution
		SolutionGuid = {1F6E7760-2797-45DB-99E9-86EBDA02BFE5}
	EndGlobalSection
EndGlobal
